
Microsoft Visual Studio Solution File, Format Version 12.00
# Visual Studio Version 17
VisualStudioVersion = 17.3.32929.385
MinimumVisualStudioVersion = 10.0.40219.1
Project("{FAE04EC0-301F-11D3-BF4B-00C04F79EFBC}") = "MongoTuto", "MongoTuto\MongoTuto.csproj", "{375DD82E-E4C6-4331-8CAA-CD5C428AE8B4}"
EndProject
Global
	GlobalSection(SolutionConfigurationPlatforms) = preSolution
		Debug|Any CPU = Debug|Any CPU
		Release|Any CPU = Release|Any CPU
	EndGlobalSection
	GlobalSection(ProjectConfigurationPlatforms) = postSolution
		{375DD82E-E4C6-4331-8CAA-CD5C428AE8B4}.Debug|Any CPU.ActiveCfg = Debug|Any CPU
		{375DD82E-E4C6-4331-8CAA-CD5C428AE8B4}.Debug|Any CPU.Build.0 = Debug|Any CPU
		{375DD82E-E4C6-4331-8CAA-CD5C428AE8B4}.Release|Any CPU.ActiveCfg = Release|Any CPU
		{375DD82E-E4C6-4331-8CAA-CD5C428AE8B4}.Release|Any CPU.Build.0 = Release|Any CPU
	EndGlobalSection
	GlobalSection(SolutionProperties) = preSolution
		HideSolutionNode = FALSE
	EndGlobalSection
	GlobalSection(ExtensibilityGlobals) = postSolution
		SolutionGuid = {DE0E8690-E5E9-43CE-B53A-9CD124F58CAF}
	EndGlobalSection
EndGlobal
